
Microsoft Visual Studio Solution File, Format Version 12.00
# Visual Studio Version 17
VisualStudioVersion = 17.4.33213.308
MinimumVisualStudioVersion = 10.0.40219.1
Project("{9A19103F-16F7-4668-BE54-9A1E7A4F7556}") = "TelerikBlazorApp3.Server", "Server\TelerikBlazorApp3.Server.csproj", "{A9027182-68B6-4A0F-861A-9D4C283C362B}"
EndProject
Project("{9A19103F-16F7-4668-BE54-9A1E7A4F7556}") = "Drawer.Client", "Client\Drawer.Client.csproj", "{04DE88A1-B0BC-43F6-B278-3B7A6F1089A6}"
EndProject
Project("{9A19103F-16F7-4668-BE54-9A1E7A4F7556}") = "TelerikBlazorApp3.Shared", "Shared\TelerikBlazorApp3.Shared.csproj", "{AFD8AC10-3C83-421C-BC15-8560C04F39B2}"
EndProject
Global
	GlobalSection(SolutionConfigurationPlatforms) = preSolution
		Debug|Any CPU = Debug|Any CPU
		Release|Any CPU = Release|Any CPU
	EndGlobalSection
	GlobalSection(ProjectConfigurationPlatforms) = postSolution
		{A9027182-68B6-4A0F-861A-9D4C283C362B}.Debug|Any CPU.ActiveCfg = Debug|Any CPU
		{A9027182-68B6-4A0F-861A-9D4C283C362B}.Debug|Any CPU.Build.0 = Debug|Any CPU
		{A9027182-68B6-4A0F-861A-9D4C283C362B}.Release|Any CPU.ActiveCfg = Release|Any CPU
		{A9027182-68B6-4A0F-861A-9D4C283C362B}.Release|Any CPU.Build.0 = Release|Any CPU
		{04DE88A1-B0BC-43F6-B278-3B7A6F1089A6}.Debug|Any CPU.ActiveCfg = Debug|Any CPU
		{04DE88A1-B0BC-43F6-B278-3B7A6F1089A6}.Debug|Any CPU.Build.0 = Debug|Any CPU
		{04DE88A1-B0BC-43F6-B278-3B7A6F1089A6}.Release|Any CPU.ActiveCfg = Release|Any CPU
		{04DE88A1-B0BC-43F6-B278-3B7A6F1089A6}.Release|Any CPU.Build.0 = Release|Any CPU
		{AFD8AC10-3C83-421C-BC15-8560C04F39B2}.Debug|Any CPU.ActiveCfg = Debug|Any CPU
		{AFD8AC10-3C83-421C-BC15-8560C04F39B2}.Debug|Any CPU.Build.0 = Debug|Any CPU
		{AFD8AC10-3C83-421C-BC15-8560C04F39B2}.Release|Any CPU.ActiveCfg = Release|Any CPU
		{AFD8AC10-3C83-421C-BC15-8560C04F39B2}.Release|Any CPU.Build.0 = Release|Any CPU
	EndGlobalSection
	GlobalSection(SolutionProperties) = preSolution
		HideSolutionNode = FALSE
	EndGlobalSection
	GlobalSection(ExtensibilityGlobals) = postSolution
		SolutionGuid = {F55D4C08-D059-4D48-92C9-8867E44D6A55}
	EndGlobalSection
EndGlobal
